// !$*UTF8*$!
{
	archiveVersion = 1;
	classes = {
	};
	objectVersion = 56;
	objects = {

/* Begin PBXBuildFile section */
		C1D66D012C270F040074340E /* diaryApp.swift in Sources */ = {isa = PBXBuildFile; fileRef = C1D66D002C270F040074340E /* diaryApp.swift */; };
		C1D66D032C270F040074340E /* HomeView.swift in Sources */ = {isa = PBXBuildFile; fileRef = C1D66D022C270F040074340E /* HomeView.swift */; };
		C1D66D072C270F040074340E /* Assets.xcassets in Resources */ = {isa = PBXBuildFile; fileRef = C1D66D062C270F040074340E /* Assets.xcassets */; };
		C1D66D0A2C270F040074340E /* Preview Assets.xcassets in Resources */ = {isa = PBXBuildFile; fileRef = C1D66D092C270F040074340E /* Preview Assets.xcassets */; };
		C1D66D142C270F050074340E /* diaryTests.swift in Sources */ = {isa = PBXBuildFile; fileRef = C1D66D132C270F050074340E /* diaryTests.swift */; };
		C1D66D1E2C270F050074340E /* diaryUITests.swift in Sources */ = {isa = PBXBuildFile; fileRef = C1D66D1D2C270F050074340E /* diaryUITests.swift */; };
		C1D66D202C270F050074340E /* diaryUITestsLaunchTests.swift in Sources */ = {isa = PBXBuildFile; fileRef = C1D66D1F2C270F050074340E /* diaryUITestsLaunchTests.swift */; };
		C1D66D2F2C2714A90074340E /* HomeViewModel.swift in Sources */ = {isa = PBXBuildFile; fileRef = C1D66D2E2C2714A90074340E /* HomeViewModel.swift */; };
		C1D66D312C2714D10074340E /* HomeBuilder.swift in Sources */ = {isa = PBXBuildFile; fileRef = C1D66D302C2714D10074340E /* HomeBuilder.swift */; };
		C1D66D352C2768C50074340E /* Day.swift in Sources */ = {isa = PBXBuildFile; fileRef = C1D66D342C2768C50074340E /* Day.swift */; };
		C1D66D3A2C2768F80074340E /* DayView.swift in Sources */ = {isa = PBXBuildFile; fileRef = C1D66D392C2768F80074340E /* DayView.swift */; };
		C1D66D3C2C2769320074340E /* MonthView.swift in Sources */ = {isa = PBXBuildFile; fileRef = C1D66D3B2C2769320074340E /* MonthView.swift */; };
		C1D66D3E2C2769690074340E /* MonthViewModel.swift in Sources */ = {isa = PBXBuildFile; fileRef = C1D66D3D2C2769690074340E /* MonthViewModel.swift */; };
		C1D66D412C276B020074340E /* YearView.swift in Sources */ = {isa = PBXBuildFile; fileRef = C1D66D402C276B020074340E /* YearView.swift */; };
		C1D66D432C276DC10074340E /* YearViewModel.swift in Sources */ = {isa = PBXBuildFile; fileRef = C1D66D422C276DC10074340E /* YearViewModel.swift */; };
/* End PBXBuildFile section */

/* Begin PBXContainerItemProxy section */
		C1D66D102C270F050074340E /* PBXContainerItemProxy */ = {
			isa = PBXContainerItemProxy;
			containerPortal = C1D66CF52C270F040074340E /* Project object */;
			proxyType = 1;
			remoteGlobalIDString = C1D66CFC2C270F040074340E;
			remoteInfo = diary;
		};
		C1D66D1A2C270F050074340E /* PBXContainerItemProxy */ = {
			isa = PBXContainerItemProxy;
			containerPortal = C1D66CF52C270F040074340E /* Project object */;
			proxyType = 1;
			remoteGlobalIDString = C1D66CFC2C270F040074340E;
			remoteInfo = diary;
		};
/* End PBXContainerItemProxy section */

/* Begin PBXFileReference section */
		C1D66CFD2C270F040074340E /* diary.app */ = {isa = PBXFileReference; explicitFileType = wrapper.application; includeInIndex = 0; path = diary.app; sourceTree = BUILT_PRODUCTS_DIR; };
		C1D66D002C270F040074340E /* diaryApp.swift */ = {isa = PBXFileReference; lastKnownFileType = sourcecode.swift; path = diaryApp.swift; sourceTree = "<group>"; };
		C1D66D022C270F040074340E /* HomeView.swift */ = {isa = PBXFileReference; lastKnownFileType = sourcecode.swift; path = HomeView.swift; sourceTree = "<group>"; };
		C1D66D062C270F040074340E /* Assets.xcassets */ = {isa = PBXFileReference; lastKnownFileType = folder.assetcatalog; path = Assets.xcassets; sourceTree = "<group>"; };
		C1D66D092C270F040074340E /* Preview Assets.xcassets */ = {isa = PBXFileReference; lastKnownFileType = folder.assetcatalog; path = "Preview Assets.xcassets"; sourceTree = "<group>"; };
		C1D66D0F2C270F050074340E /* diaryTests.xctest */ = {isa = PBXFileReference; explicitFileType = wrapper.cfbundle; includeInIndex = 0; path = diaryTests.xctest; sourceTree = BUILT_PRODUCTS_DIR; };
		C1D66D132C270F050074340E /* diaryTests.swift */ = {isa = PBXFileReference; lastKnownFileType = sourcecode.swift; path = diaryTests.swift; sourceTree = "<group>"; };
		C1D66D192C270F050074340E /* diaryUITests.xctest */ = {isa = PBXFileReference; explicitFileType = wrapper.cfbundle; includeInIndex = 0; path = diaryUITests.xctest; sourceTree = BUILT_PRODUCTS_DIR; };
		C1D66D1D2C270F050074340E /* diaryUITests.swift */ = {isa = PBXFileReference; lastKnownFileType = sourcecode.swift; path = diaryUITests.swift; sourceTree = "<group>"; };
		C1D66D1F2C270F050074340E /* diaryUITestsLaunchTests.swift */ = {isa = PBXFileReference; lastKnownFileType = sourcecode.swift; path = diaryUITestsLaunchTests.swift; sourceTree = "<group>"; };
		C1D66D2E2C2714A90074340E /* HomeViewModel.swift */ = {isa = PBXFileReference; lastKnownFileType = sourcecode.swift; path = HomeViewModel.swift; sourceTree = "<group>"; };
		C1D66D302C2714D10074340E /* HomeBuilder.swift */ = {isa = PBXFileReference; lastKnownFileType = sourcecode.swift; path = HomeBuilder.swift; sourceTree = "<group>"; };
		C1D66D342C2768C50074340E /* Day.swift */ = {isa = PBXFileReference; lastKnownFileType = sourcecode.swift; path = Day.swift; sourceTree = "<group>"; };
		C1D66D392C2768F80074340E /* DayView.swift */ = {isa = PBXFileReference; lastKnownFileType = sourcecode.swift; path = DayView.swift; sourceTree = "<group>"; };
		C1D66D3B2C2769320074340E /* MonthView.swift */ = {isa = PBXFileReference; lastKnownFileType = sourcecode.swift; path = MonthView.swift; sourceTree = "<group>"; };
		C1D66D3D2C2769690074340E /* MonthViewModel.swift */ = {isa = PBXFileReference; lastKnownFileType = sourcecode.swift; path = MonthViewModel.swift; sourceTree = "<group>"; };
		C1D66D402C276B020074340E /* YearView.swift */ = {isa = PBXFileReference; lastKnownFileType = sourcecode.swift; path = YearView.swift; sourceTree = "<group>"; };
		C1D66D422C276DC10074340E /* YearViewModel.swift */ = {isa = PBXFileReference; lastKnownFileType = sourcecode.swift; path = YearViewModel.swift; sourceTree = "<group>"; };
/* End PBXFileReference section */

/* Begin PBXFrameworksBuildPhase section */
		C1D66CFA2C270F040074340E /* Frameworks */ = {
			isa = PBXFrameworksBuildPhase;
			buildActionMask = 2147483647;
			files = (
			);
			runOnlyForDeploymentPostprocessing = 0;
		};
		C1D66D0C2C270F050074340E /* Frameworks */ = {
			isa = PBXFrameworksBuildPhase;
			buildActionMask = 2147483647;
			files = (
			);
			runOnlyForDeploymentPostprocessing = 0;
		};
		C1D66D162C270F050074340E /* Frameworks */ = {
			isa = PBXFrameworksBuildPhase;
			buildActionMask = 2147483647;
			files = (
			);
			runOnlyForDeploymentPostprocessing = 0;
		};
/* End PBXFrameworksBuildPhase section */

/* Begin PBXGroup section */
		C1D66CF42C270F030074340E = {
			isa = PBXGroup;
			children = (
				C1D66CFF2C270F040074340E /* diary */,
				C1D66D122C270F050074340E /* diaryTests */,
				C1D66D1C2C270F050074340E /* diaryUITests */,
				C1D66CFE2C270F040074340E /* Products */,
			);
			sourceTree = "<group>";
		};
		C1D66CFE2C270F040074340E /* Products */ = {
			isa = PBXGroup;
			children = (
				C1D66CFD2C270F040074340E /* diary.app */,
				C1D66D0F2C270F050074340E /* diaryTests.xctest */,
				C1D66D192C270F050074340E /* diaryUITests.xctest */,
			);
			name = Products;
			sourceTree = "<group>";
		};
		C1D66CFF2C270F040074340E /* diary */ = {
			isa = PBXGroup;
			children = (
				C1D66D322C2768AF0074340E /* Domain */,
				C1D66D2C2C2711250074340E /* Presentation */,
				C1D66D002C270F040074340E /* diaryApp.swift */,
				C1D66D062C270F040074340E /* Assets.xcassets */,
				C1D66D082C270F040074340E /* Preview Content */,
			);
			path = diary;
			sourceTree = "<group>";
		};
		C1D66D082C270F040074340E /* Preview Content */ = {
			isa = PBXGroup;
			children = (
				C1D66D092C270F040074340E /* Preview Assets.xcassets */,
			);
			path = "Preview Content";
			sourceTree = "<group>";
		};
		C1D66D122C270F050074340E /* diaryTests */ = {
			isa = PBXGroup;
			children = (
				C1D66D132C270F050074340E /* diaryTests.swift */,
			);
			path = diaryTests;
			sourceTree = "<group>";
		};
		C1D66D1C2C270F050074340E /* diaryUITests */ = {
			isa = PBXGroup;
			children = (
				C1D66D1D2C270F050074340E /* diaryUITests.swift */,
				C1D66D1F2C270F050074340E /* diaryUITestsLaunchTests.swift */,
			);
			path = diaryUITests;
			sourceTree = "<group>";
		};
		C1D66D2C2C2711250074340E /* Presentation */ = {
			isa = PBXGroup;
			children = (
				C1D66D372C2768E50074340E /* Common */,
				C1D66D362C2768D60074340E /* Calendar */,
				C1D66D2D2C27112D0074340E /* Home */,
			);
			path = Presentation;
			sourceTree = "<group>";
		};
		C1D66D2D2C27112D0074340E /* Home */ = {
			isa = PBXGroup;
			children = (
				C1D66D022C270F040074340E /* HomeView.swift */,
				C1D66D2E2C2714A90074340E /* HomeViewModel.swift */,
				C1D66D302C2714D10074340E /* HomeBuilder.swift */,
			);
			path = Home;
			sourceTree = "<group>";
		};
		C1D66D322C2768AF0074340E /* Domain */ = {
			isa = PBXGroup;
			children = (
				C1D66D332C2768B40074340E /* Entities */,
			);
			path = Domain;
			sourceTree = "<group>";
		};
		C1D66D332C2768B40074340E /* Entities */ = {
			isa = PBXGroup;
			children = (
				C1D66D342C2768C50074340E /* Day.swift */,
			);
			path = Entities;
			sourceTree = "<group>";
		};
		C1D66D362C2768D60074340E /* Calendar */ = {
			isa = PBXGroup;
			children = (
				C1D66D3F2C276AF50074340E /* year */,
				C1D66D3B2C2769320074340E /* MonthView.swift */,
				C1D66D3D2C2769690074340E /* MonthViewModel.swift */,
			);
			path = Calendar;
			sourceTree = "<group>";
		};
		C1D66D372C2768E50074340E /* Common */ = {
			isa = PBXGroup;
			children = (
				C1D66D382C2768EA0074340E /* Day */,
			);
			path = Common;
			sourceTree = "<group>";
		};
		C1D66D382C2768EA0074340E /* Day */ = {
			isa = PBXGroup;
			children = (
				C1D66D392C2768F80074340E /* DayView.swift */,
			);
			path = Day;
			sourceTree = "<group>";
		};
		C1D66D3F2C276AF50074340E /* year */ = {
			isa = PBXGroup;
			children = (
				C1D66D402C276B020074340E /* YearView.swift */,
				C1D66D422C276DC10074340E /* YearViewModel.swift */,
			);
			path = year;
			sourceTree = "<group>";
		};
/* End PBXGroup section */

/* Begin PBXNativeTarget section */
		C1D66CFC2C270F040074340E /* diary */ = {
			isa = PBXNativeTarget;
			buildConfigurationList = C1D66D232C270F050074340E /* Build configuration list for PBXNativeTarget "diary" */;
			buildPhases = (
				C1D66CF92C270F040074340E /* Sources */,
				C1D66CFA2C270F040074340E /* Frameworks */,
				C1D66CFB2C270F040074340E /* Resources */,
			);
			buildRules = (
			);
			dependencies = (
			);
			name = diary;
			productName = diary;
			productReference = C1D66CFD2C270F040074340E /* diary.app */;
			productType = "com.apple.product-type.application";
		};
		C1D66D0E2C270F050074340E /* diaryTests */ = {
			isa = PBXNativeTarget;
			buildConfigurationList = C1D66D262C270F050074340E /* Build configuration list for PBXNativeTarget "diaryTests" */;
			buildPhases = (
				C1D66D0B2C270F050074340E /* Sources */,
				C1D66D0C2C270F050074340E /* Frameworks */,
				C1D66D0D2C270F050074340E /* Resources */,
			);
			buildRules = (
			);
			dependencies = (
				C1D66D112C270F050074340E /* PBXTargetDependency */,
			);
			name = diaryTests;
			productName = diaryTests;
			productReference = C1D66D0F2C270F050074340E /* diaryTests.xctest */;
			productType = "com.apple.product-type.bundle.unit-test";
		};
		C1D66D182C270F050074340E /* diaryUITests */ = {
			isa = PBXNativeTarget;
			buildConfigurationList = C1D66D292C270F050074340E /* Build configuration list for PBXNativeTarget "diaryUITests" */;
			buildPhases = (
				C1D66D152C270F050074340E /* Sources */,
				C1D66D162C270F050074340E /* Frameworks */,
				C1D66D172C270F050074340E /* Resources */,
			);
			buildRules = (
			);
			dependencies = (
				C1D66D1B2C270F050074340E /* PBXTargetDependency */,
			);
			name = diaryUITests;
			productName = diaryUITests;
			productReference = C1D66D192C270F050074340E /* diaryUITests.xctest */;
			productType = "com.apple.product-type.bundle.ui-testing";
		};
/* End PBXNativeTarget section */

/* Begin PBXProject section */
		C1D66CF52C270F040074340E /* Project object */ = {
			isa = PBXProject;
			attributes = {
				BuildIndependentTargetsInParallel = 1;
				LastSwiftUpdateCheck = 1530;
				LastUpgradeCheck = 1530;
				TargetAttributes = {
					C1D66CFC2C270F040074340E = {
						CreatedOnToolsVersion = 15.3;
					};
					C1D66D0E2C270F050074340E = {
						CreatedOnToolsVersion = 15.3;
						TestTargetID = C1D66CFC2C270F040074340E;
					};
					C1D66D182C270F050074340E = {
						CreatedOnToolsVersion = 15.3;
						TestTargetID = C1D66CFC2C270F040074340E;
					};
				};
			};
			buildConfigurationList = C1D66CF82C270F040074340E /* Build configuration list for PBXProject "diary" */;
			compatibilityVersion = "Xcode 14.0";
			developmentRegion = en;
			hasScannedForEncodings = 0;
			knownRegions = (
				en,
				Base,
			);
			mainGroup = C1D66CF42C270F030074340E;
			productRefGroup = C1D66CFE2C270F040074340E /* Products */;
			projectDirPath = "";
			projectRoot = "";
			targets = (
				C1D66CFC2C270F040074340E /* diary */,
				C1D66D0E2C270F050074340E /* diaryTests */,
				C1D66D182C270F050074340E /* diaryUITests */,
			);
		};
/* End PBXProject section */

/* Begin PBXResourcesBuildPhase section */
		C1D66CFB2C270F040074340E /* Resources */ = {
			isa = PBXResourcesBuildPhase;
			buildActionMask = 2147483647;
			files = (
				C1D66D0A2C270F040074340E /* Preview Assets.xcassets in Resources */,
				C1D66D072C270F040074340E /* Assets.xcassets in Resources */,
			);
			runOnlyForDeploymentPostprocessing = 0;
		};
		C1D66D0D2C270F050074340E /* Resources */ = {
			isa = PBXResourcesBuildPhase;
			buildActionMask = 2147483647;
			files = (
			);
			runOnlyForDeploymentPostprocessing = 0;
		};
		C1D66D172C270F050074340E /* Resources */ = {
			isa = PBXResourcesBuildPhase;
			buildActionMask = 2147483647;
			files = (
			);
			runOnlyForDeploymentPostprocessing = 0;
		};
/* End PBXResourcesBuildPhase section */

/* Begin PBXSourcesBuildPhase section */
		C1D66CF92C270F040074340E /* Sources */ = {
			isa = PBXSourcesBuildPhase;
			buildActionMask = 2147483647;
			files = (
				C1D66D3E2C2769690074340E /* MonthViewModel.swift in Sources */,
				C1D66D312C2714D10074340E /* HomeBuilder.swift in Sources */,
				C1D66D3C2C2769320074340E /* MonthView.swift in Sources */,
				C1D66D432C276DC10074340E /* YearViewModel.swift in Sources */,
				C1D66D3A2C2768F80074340E /* DayView.swift in Sources */,
				C1D66D412C276B020074340E /* YearView.swift in Sources */,
				C1D66D032C270F040074340E /* HomeView.swift in Sources */,
				C1D66D012C270F040074340E /* diaryApp.swift in Sources */,
				C1D66D352C2768C50074340E /* Day.swift in Sources */,
				C1D66D2F2C2714A90074340E /* HomeViewModel.swift in Sources */,
			);
			runOnlyForDeploymentPostprocessing = 0;
		};
		C1D66D0B2C270F050074340E /* Sources */ = {
			isa = PBXSourcesBuildPhase;
			buildActionMask = 2147483647;
			files = (
				C1D66D142C270F050074340E /* diaryTests.swift in Sources */,
			);
			runOnlyForDeploymentPostprocessing = 0;
		};
		C1D66D152C270F050074340E /* Sources */ = {
			isa = PBXSourcesBuildPhase;
			buildActionMask = 2147483647;
			files = (
				C1D66D202C270F050074340E /* diaryUITestsLaunchTests.swift in Sources */,
				C1D66D1E2C270F050074340E /* diaryUITests.swift in Sources */,
			);
			runOnlyForDeploymentPostprocessing = 0;
		};
/* End PBXSourcesBuildPhase section */

/* Begin PBXTargetDependency section */
		C1D66D112C270F050074340E /* PBXTargetDependency */ = {
			isa = PBXTargetDependency;
			target = C1D66CFC2C270F040074340E /* diary */;
			targetProxy = C1D66D102C270F050074340E /* PBXContainerItemProxy */;
		};
		C1D66D1B2C270F050074340E /* PBXTargetDependency */ = {
			isa = PBXTargetDependency;
			target = C1D66CFC2C270F040074340E /* diary */;
			targetProxy = C1D66D1A2C270F050074340E /* PBXContainerItemProxy */;
		};
/* End PBXTargetDependency section */

/* Begin XCBuildConfiguration section */
		C1D66D212C270F050074340E /* Debug */ = {
			isa = XCBuildConfiguration;
			buildSettings = {
				ALWAYS_SEARCH_USER_PATHS = NO;
				ASSETCATALOG_COMPILER_GENERATE_SWIFT_ASSET_SYMBOL_EXTENSIONS = YES;
				CLANG_ANALYZER_NONNULL = YES;
				CLANG_ANALYZER_NUMBER_OBJECT_CONVERSION = YES_AGGRESSIVE;
				CLANG_CXX_LANGUAGE_STANDARD = "gnu++20";
				CLANG_ENABLE_MODULES = YES;
				CLANG_ENABLE_OBJC_ARC = YES;
				CLANG_ENABLE_OBJC_WEAK = YES;
				CLANG_WARN_BLOCK_CAPTURE_AUTORELEASING = YES;
				CLANG_WARN_BOOL_CONVERSION = YES;
				CLANG_WARN_COMMA = YES;
				CLANG_WARN_CONSTANT_CONVERSION = YES;
				CLANG_WARN_DEPRECATED_OBJC_IMPLEMENTATIONS = YES;
				CLANG_WARN_DIRECT_OBJC_ISA_USAGE = YES_ERROR;
				CLANG_WARN_DOCUMENTATION_COMMENTS = YES;
				CLANG_WARN_EMPTY_BODY = YES;
				CLANG_WARN_ENUM_CONVERSION = YES;
				CLANG_WARN_INFINITE_RECURSION = YES;
				CLANG_WARN_INT_CONVERSION = YES;
				CLANG_WARN_NON_LITERAL_NULL_CONVERSION = YES;
				CLANG_WARN_OBJC_IMPLICIT_RETAIN_SELF = YES;
				CLANG_WARN_OBJC_LITERAL_CONVERSION = YES;
				CLANG_WARN_OBJC_ROOT_CLASS = YES_ERROR;
				CLANG_WARN_QUOTED_INCLUDE_IN_FRAMEWORK_HEADER = YES;
				CLANG_WARN_RANGE_LOOP_ANALYSIS = YES;
				CLANG_WARN_STRICT_PROTOTYPES = YES;
				CLANG_WARN_SUSPICIOUS_MOVE = YES;
				CLANG_WARN_UNGUARDED_AVAILABILITY = YES_AGGRESSIVE;
				CLANG_WARN_UNREACHABLE_CODE = YES;
				CLANG_WARN__DUPLICATE_METHOD_MATCH = YES;
				COPY_PHASE_STRIP = NO;
				DEBUG_INFORMATION_FORMAT = dwarf;
				ENABLE_STRICT_OBJC_MSGSEND = YES;
				ENABLE_TESTABILITY = YES;
				ENABLE_USER_SCRIPT_SANDBOXING = YES;
				GCC_C_LANGUAGE_STANDARD = gnu17;
				GCC_DYNAMIC_NO_PIC = NO;
				GCC_NO_COMMON_BLOCKS = YES;
				GCC_OPTIMIZATION_LEVEL = 0;
				GCC_PREPROCESSOR_DEFINITIONS = (
					"DEBUG=1",
					"$(inherited)",
				);
				GCC_WARN_64_TO_32_BIT_CONVERSION = YES;
				GCC_WARN_ABOUT_RETURN_TYPE = YES_ERROR;
				GCC_WARN_UNDECLARED_SELECTOR = YES;
				GCC_WARN_UNINITIALIZED_AUTOS = YES_AGGRESSIVE;
				GCC_WARN_UNUSED_FUNCTION = YES;
				GCC_WARN_UNUSED_VARIABLE = YES;
				IPHONEOS_DEPLOYMENT_TARGET = 17.4;
				LOCALIZATION_PREFERS_STRING_CATALOGS = YES;
				MTL_ENABLE_DEBUG_INFO = INCLUDE_SOURCE;
				MTL_FAST_MATH = YES;
				ONLY_ACTIVE_ARCH = YES;
				SDKROOT = iphoneos;
				SWIFT_ACTIVE_COMPILATION_CONDITIONS = "DEBUG $(inherited)";
				SWIFT_OPTIMIZATION_LEVEL = "-Onone";
			};
			name = Debug;
		};
		C1D66D222C270F050074340E /* Release */ = {
			isa = XCBuildConfiguration;
			buildSettings = {
				ALWAYS_SEARCH_USER_PATHS = NO;
				ASSETCATALOG_COMPILER_GENERATE_SWIFT_ASSET_SYMBOL_EXTENSIONS = YES;
				CLANG_ANALYZER_NONNULL = YES;
				CLANG_ANALYZER_NUMBER_OBJECT_CONVERSION = YES_AGGRESSIVE;
				CLANG_CXX_LANGUAGE_STANDARD = "gnu++20";
				CLANG_ENABLE_MODULES = YES;
				CLANG_ENABLE_OBJC_ARC = YES;
				CLANG_ENABLE_OBJC_WEAK = YES;
				CLANG_WARN_BLOCK_CAPTURE_AUTORELEASING = YES;
				CLANG_WARN_BOOL_CONVERSION = YES;
				CLANG_WARN_COMMA = YES;
				CLANG_WARN_CONSTANT_CONVERSION = YES;
				CLANG_WARN_DEPRECATED_OBJC_IMPLEMENTATIONS = YES;
				CLANG_WARN_DIRECT_OBJC_ISA_USAGE = YES_ERROR;
				CLANG_WARN_DOCUMENTATION_COMMENTS = YES;
				CLANG_WARN_EMPTY_BODY = YES;
				CLANG_WARN_ENUM_CONVERSION = YES;
				CLANG_WARN_INFINITE_RECURSION = YES;
				CLANG_WARN_INT_CONVERSION = YES;
				CLANG_WARN_NON_LITERAL_NULL_CONVERSION = YES;
				CLANG_WARN_OBJC_IMPLICIT_RETAIN_SELF = YES;
				CLANG_WARN_OBJC_LITERAL_CONVERSION = YES;
				CLANG_WARN_OBJC_ROOT_CLASS = YES_ERROR;
				CLANG_WARN_QUOTED_INCLUDE_IN_FRAMEWORK_HEADER = YES;
				CLANG_WARN_RANGE_LOOP_ANALYSIS = YES;
				CLANG_WARN_STRICT_PROTOTYPES = YES;
				CLANG_WARN_SUSPICIOUS_MOVE = YES;
				CLANG_WARN_UNGUARDED_AVAILABILITY = YES_AGGRESSIVE;
				CLANG_WARN_UNREACHABLE_CODE = YES;
				CLANG_WARN__DUPLICATE_METHOD_MATCH = YES;
				COPY_PHASE_STRIP = NO;
				DEBUG_INFORMATION_FORMAT = "dwarf-with-dsym";
				ENABLE_NS_ASSERTIONS = NO;
				ENABLE_STRICT_OBJC_MSGSEND = YES;
				ENABLE_USER_SCRIPT_SANDBOXING = YES;
				GCC_C_LANGUAGE_STANDARD = gnu17;
				GCC_NO_COMMON_BLOCKS = YES;
				GCC_WARN_64_TO_32_BIT_CONVERSION = YES;
				GCC_WARN_ABOUT_RETURN_TYPE = YES_ERROR;
				GCC_WARN_UNDECLARED_SELECTOR = YES;
				GCC_WARN_UNINITIALIZED_AUTOS = YES_AGGRESSIVE;
				GCC_WARN_UNUSED_FUNCTION = YES;
				GCC_WARN_UNUSED_VARIABLE = YES;
				IPHONEOS_DEPLOYMENT_TARGET = 17.4;
				LOCALIZATION_PREFERS_STRING_CATALOGS = YES;
				MTL_ENABLE_DEBUG_INFO = NO;
				MTL_FAST_MATH = YES;
				SDKROOT = iphoneos;
				SWIFT_COMPILATION_MODE = wholemodule;
				VALIDATE_PRODUCT = YES;
			};
			name = Release;
		};
		C1D66D242C270F050074340E /* Debug */ = {
			isa = XCBuildConfiguration;
			buildSettings = {
				ASSETCATALOG_COMPILER_APPICON_NAME = AppIcon;
				ASSETCATALOG_COMPILER_GLOBAL_ACCENT_COLOR_NAME = AccentColor;
				CODE_SIGN_STYLE = Automatic;
				CURRENT_PROJECT_VERSION = 1;
				DEVELOPMENT_ASSET_PATHS = "\"diary/Preview Content\"";
				DEVELOPMENT_TEAM = X8Z657K235;
				ENABLE_PREVIEWS = YES;
				GENERATE_INFOPLIST_FILE = YES;
				INFOPLIST_KEY_UIApplicationSceneManifest_Generation = YES;
				INFOPLIST_KEY_UIApplicationSupportsIndirectInputEvents = YES;
				INFOPLIST_KEY_UILaunchScreen_Generation = YES;
				INFOPLIST_KEY_UISupportedInterfaceOrientations_iPad = "UIInterfaceOrientationPortrait UIInterfaceOrientationPortraitUpsideDown UIInterfaceOrientationLandscapeLeft UIInterfaceOrientationLandscapeRight";
				INFOPLIST_KEY_UISupportedInterfaceOrientations_iPhone = "UIInterfaceOrientationPortrait UIInterfaceOrientationLandscapeLeft UIInterfaceOrientationLandscapeRight";
				LD_RUNPATH_SEARCH_PATHS = (
					"$(inherited)",
					"@executable_path/Frameworks",
				);
				MARKETING_VERSION = 1.0;
				PRODUCT_BUNDLE_IDENTIFIER = app.life.diary;
				PRODUCT_NAME = "$(TARGET_NAME)";
				SWIFT_EMIT_LOC_STRINGS = YES;
				SWIFT_VERSION = 5.0;
				TARGETED_DEVICE_FAMILY = "1,2";
			};
			name = Debug;
		};
		C1D66D252C270F050074340E /* Release */ = {
			isa = XCBuildConfiguration;
			buildSettings = {
				ASSETCATALOG_COMPILER_APPICON_NAME = AppIcon;
				ASSETCATALOG_COMPILER_GLOBAL_ACCENT_COLOR_NAME = AccentColor;
				CODE_SIGN_STYLE = Automatic;
				CURRENT_PROJECT_VERSION = 1;
				DEVELOPMENT_ASSET_PATHS = "\"diary/Preview Content\"";
				DEVELOPMENT_TEAM = X8Z657K235;
				ENABLE_PREVIEWS = YES;
				GENERATE_INFOPLIST_FILE = YES;
				INFOPLIST_KEY_UIApplicationSceneManifest_Generation = YES;
				INFOPLIST_KEY_UIApplicationSupportsIndirectInputEvents = YES;
				INFOPLIST_KEY_UILaunchScreen_Generation = YES;
				INFOPLIST_KEY_UISupportedInterfaceOrientations_iPad = "UIInterfaceOrientationPortrait UIInterfaceOrientationPortraitUpsideDown UIInterfaceOrientationLandscapeLeft UIInterfaceOrientationLandscapeRight";
				INFOPLIST_KEY_UISupportedInterfaceOrientations_iPhone = "UIInterfaceOrientationPortrait UIInterfaceOrientationLandscapeLeft UIInterfaceOrientationLandscapeRight";
				LD_RUNPATH_SEARCH_PATHS = (
					"$(inherited)",
					"@executable_path/Frameworks",
				);
				MARKETING_VERSION = 1.0;
				PRODUCT_BUNDLE_IDENTIFIER = app.life.diary;
				PRODUCT_NAME = "$(TARGET_NAME)";
				SWIFT_EMIT_LOC_STRINGS = YES;
				SWIFT_VERSION = 5.0;
				TARGETED_DEVICE_FAMILY = "1,2";
			};
			name = Release;
		};
		C1D66D272C270F050074340E /* Debug */ = {
			isa = XCBuildConfiguration;
			buildSettings = {
				ALWAYS_EMBED_SWIFT_STANDARD_LIBRARIES = YES;
				BUNDLE_LOADER = "$(TEST_HOST)";
				CODE_SIGN_STYLE = Automatic;
				CURRENT_PROJECT_VERSION = 1;
				DEVELOPMENT_TEAM = X8Z657K235;
				GENERATE_INFOPLIST_FILE = YES;
				IPHONEOS_DEPLOYMENT_TARGET = 17.4;
				MARKETING_VERSION = 1.0;
				PRODUCT_BUNDLE_IDENTIFIER = app.life.diaryTests;
				PRODUCT_NAME = "$(TARGET_NAME)";
				SWIFT_EMIT_LOC_STRINGS = NO;
				SWIFT_VERSION = 5.0;
				TARGETED_DEVICE_FAMILY = "1,2";
				TEST_HOST = "$(BUILT_PRODUCTS_DIR)/diary.app/$(BUNDLE_EXECUTABLE_FOLDER_PATH)/diary";
			};
			name = Debug;
		};
		C1D66D282C270F050074340E /* Release */ = {
			isa = XCBuildConfiguration;
			buildSettings = {
				ALWAYS_EMBED_SWIFT_STANDARD_LIBRARIES = YES;
				BUNDLE_LOADER = "$(TEST_HOST)";
				CODE_SIGN_STYLE = Automatic;
				CURRENT_PROJECT_VERSION = 1;
				DEVELOPMENT_TEAM = X8Z657K235;
				GENERATE_INFOPLIST_FILE = YES;
				IPHONEOS_DEPLOYMENT_TARGET = 17.4;
				MARKETING_VERSION = 1.0;
				PRODUCT_BUNDLE_IDENTIFIER = app.life.diaryTests;
				PRODUCT_NAME = "$(TARGET_NAME)";
				SWIFT_EMIT_LOC_STRINGS = NO;
				SWIFT_VERSION = 5.0;
				TARGETED_DEVICE_FAMILY = "1,2";
				TEST_HOST = "$(BUILT_PRODUCTS_DIR)/diary.app/$(BUNDLE_EXECUTABLE_FOLDER_PATH)/diary";
			};
			name = Release;
		};
		C1D66D2A2C270F050074340E /* Debug */ = {
			isa = XCBuildConfiguration;
			buildSettings = {
				ALWAYS_EMBED_SWIFT_STANDARD_LIBRARIES = YES;
				CODE_SIGN_STYLE = Automatic;
				CURRENT_PROJECT_VERSION = 1;
				DEVELOPMENT_TEAM = X8Z657K235;
				GENERATE_INFOPLIST_FILE = YES;
				MARKETING_VERSION = 1.0;
				PRODUCT_BUNDLE_IDENTIFIER = app.life.diaryUITests;
				PRODUCT_NAME = "$(TARGET_NAME)";
				SWIFT_EMIT_LOC_STRINGS = NO;
				SWIFT_VERSION = 5.0;
				TARGETED_DEVICE_FAMILY = "1,2";
				TEST_TARGET_NAME = diary;
			};
			name = Debug;
		};
		C1D66D2B2C270F050074340E /* Release */ = {
			isa = XCBuildConfiguration;
			buildSettings = {
				ALWAYS_EMBED_SWIFT_STANDARD_LIBRARIES = YES;
				CODE_SIGN_STYLE = Automatic;
				CURRENT_PROJECT_VERSION = 1;
				DEVELOPMENT_TEAM = X8Z657K235;
				GENERATE_INFOPLIST_FILE = YES;
				MARKETING_VERSION = 1.0;
				PRODUCT_BUNDLE_IDENTIFIER = app.life.diaryUITests;
				PRODUCT_NAME = "$(TARGET_NAME)";
				SWIFT_EMIT_LOC_STRINGS = NO;
				SWIFT_VERSION = 5.0;
				TARGETED_DEVICE_FAMILY = "1,2";
				TEST_TARGET_NAME = diary;
			};
			name = Release;
		};
/* End XCBuildConfiguration section */

/* Begin XCConfigurationList section */
		C1D66CF82C270F040074340E /* Build configuration list for PBXProject "diary" */ = {
			isa = XCConfigurationList;
			buildConfigurations = (
				C1D66D212C270F050074340E /* Debug */,
				C1D66D222C270F050074340E /* Release */,
			);
			defaultConfigurationIsVisible = 0;
			defaultConfigurationName = Release;
		};
		C1D66D232C270F050074340E /* Build configuration list for PBXNativeTarget "diary" */ = {
			isa = XCConfigurationList;
			buildConfigurations = (
				C1D66D242C270F050074340E /* Debug */,
				C1D66D252C270F050074340E /* Release */,
			);
			defaultConfigurationIsVisible = 0;
			defaultConfigurationName = Release;
		};
		C1D66D262C270F050074340E /* Build configuration list for PBXNativeTarget "diaryTests" */ = {
			isa = XCConfigurationList;
			buildConfigurations = (
				C1D66D272C270F050074340E /* Debug */,
				C1D66D282C270F050074340E /* Release */,
			);
			defaultConfigurationIsVisible = 0;
			defaultConfigurationName = Release;
		};
		C1D66D292C270F050074340E /* Build configuration list for PBXNativeTarget "diaryUITests" */ = {
			isa = XCConfigurationList;
			buildConfigurations = (
				C1D66D2A2C270F050074340E /* Debug */,
				C1D66D2B2C270F050074340E /* Release */,
			);
			defaultConfigurationIsVisible = 0;
			defaultConfigurationName = Release;
		};
/* End XCConfigurationList section */
	};
	rootObject = C1D66CF52C270F040074340E /* Project object */;
}
